
Microsoft Visual Studio Solution File, Format Version 12.00
# Visual Studio Version 17
VisualStudioVersion = 17.9.34714.143
MinimumVisualStudioVersion = 10.0.40219.1
Project("{9A19103F-16F7-4668-BE54-9A1E7A4F7556}") = "sharpcaster.sample", "sharpcaster.sample\sharpcaster.sample.csproj", "{41687FC0-FA61-4C05-A081-A9B82211DD0E}"
EndProject
Project("{9A19103F-16F7-4668-BE54-9A1E7A4F7556}") = "sharpcaster.sample.Android", "sharpcaster.sample.Android\sharpcaster.sample.Android.csproj", "{FDCC30BC-C59B-441C-98D8-5102C5F8D452}"
EndProject
Project("{9A19103F-16F7-4668-BE54-9A1E7A4F7556}") = "sharpcaster.sample.Desktop", "sharpcaster.sample.Desktop\sharpcaster.sample.Desktop.csproj", "{3E88CE53-8A61-4798-B912-82A204725AF2}"
EndProject
Project("{9A19103F-16F7-4668-BE54-9A1E7A4F7556}") = "sharpcaster.sample.iOS", "sharpcaster.sample.iOS\sharpcaster.sample.iOS.csproj", "{4A43DAC9-47FB-4686-B7FF-5A6ECB26B79B}"
EndProject
Project("{9A19103F-16F7-4668-BE54-9A1E7A4F7556}") = "sharpcaster.sample.Browser", "sharpcaster.sample.Browser\sharpcaster.sample.Browser.csproj", "{A51F4F44-71D2-4F41-9C20-60C9F8B6E7C0}"
EndProject
Global
	GlobalSection(SolutionConfigurationPlatforms) = preSolution
		Debug|Any CPU = Debug|Any CPU
		Release|Any CPU = Release|Any CPU
	EndGlobalSection
	GlobalSection(ProjectConfigurationPlatforms) = postSolution
		{41687FC0-FA61-4C05-A081-A9B82211DD0E}.Debug|Any CPU.ActiveCfg = Debug|Any CPU
		{41687FC0-FA61-4C05-A081-A9B82211DD0E}.Debug|Any CPU.Build.0 = Debug|Any CPU
		{41687FC0-FA61-4C05-A081-A9B82211DD0E}.Release|Any CPU.ActiveCfg = Release|Any CPU
		{41687FC0-FA61-4C05-A081-A9B82211DD0E}.Release|Any CPU.Build.0 = Release|Any CPU
		{FDCC30BC-C59B-441C-98D8-5102C5F8D452}.Debug|Any CPU.ActiveCfg = Debug|Any CPU
		{FDCC30BC-C59B-441C-98D8-5102C5F8D452}.Debug|Any CPU.Build.0 = Debug|Any CPU
		{FDCC30BC-C59B-441C-98D8-5102C5F8D452}.Release|Any CPU.ActiveCfg = Release|Any CPU
		{FDCC30BC-C59B-441C-98D8-5102C5F8D452}.Release|Any CPU.Build.0 = Release|Any CPU
		{3E88CE53-8A61-4798-B912-82A204725AF2}.Debug|Any CPU.ActiveCfg = Debug|Any CPU
		{3E88CE53-8A61-4798-B912-82A204725AF2}.Debug|Any CPU.Build.0 = Debug|Any CPU
		{3E88CE53-8A61-4798-B912-82A204725AF2}.Release|Any CPU.ActiveCfg = Release|Any CPU
		{3E88CE53-8A61-4798-B912-82A204725AF2}.Release|Any CPU.Build.0 = Release|Any CPU
		{4A43DAC9-47FB-4686-B7FF-5A6ECB26B79B}.Debug|Any CPU.ActiveCfg = Debug|Any CPU
		{4A43DAC9-47FB-4686-B7FF-5A6ECB26B79B}.Debug|Any CPU.Build.0 = Debug|Any CPU
		{4A43DAC9-47FB-4686-B7FF-5A6ECB26B79B}.Release|Any CPU.ActiveCfg = Release|Any CPU
		{4A43DAC9-47FB-4686-B7FF-5A6ECB26B79B}.Release|Any CPU.Build.0 = Release|Any CPU
		{A51F4F44-71D2-4F41-9C20-60C9F8B6E7C0}.Debug|Any CPU.ActiveCfg = Debug|Any CPU
		{A51F4F44-71D2-4F41-9C20-60C9F8B6E7C0}.Debug|Any CPU.Build.0 = Debug|Any CPU
		{A51F4F44-71D2-4F41-9C20-60C9F8B6E7C0}.Release|Any CPU.ActiveCfg = Release|Any CPU
		{A51F4F44-71D2-4F41-9C20-60C9F8B6E7C0}.Release|Any CPU.Build.0 = Release|Any CPU
	EndGlobalSection
	GlobalSection(SolutionProperties) = preSolution
		HideSolutionNode = FALSE
	EndGlobalSection
	GlobalSection(ExtensibilityGlobals) = postSolution
		SolutionGuid = {BC96ECE0-C70D-4B5A-AAE6-C74F2B2E0B96}
	EndGlobalSection
EndGlobal
